{
  "nodes": {
    "darwin": {
      "inputs": {
        "nixpkgs": [
          "nixpkgs"
        ]
      },
      "locked": {
        "lastModified": 1691275315,
        "narHash": "sha256-9WN0IA0vNZSNxKHpy/bYvPnCw4VH/nr5iBv7c+7KUts=",
        "owner": "LnL7",
        "repo": "nix-darwin",
        "rev": "829041cf10c4f6751a53c0a11ca2fd22ff0918d6",
        "type": "github"
      },
      "original": {
        "owner": "LnL7",
        "repo": "nix-darwin",
        "type": "github"
      }
    },
    "fenix": {
      "inputs": {
        "nixpkgs": [
          "nixpkgs"
        ],
        "rust-analyzer-src": "rust-analyzer-src"
      },
      "locked": {
        "lastModified": 1691216367,
        "narHash": "sha256-hGAJLlrxlUjf2rNQDrUVOevYVxMjAHGiHVPNv5UmqvA=",
        "owner": "nix-community",
        "repo": "fenix",
        "rev": "accce4f7f29327614501543c79dd421a6ac6f0fc",
        "type": "github"
      },
      "original": {
        "owner": "nix-community",
        "repo": "fenix",
        "type": "github"
      }
    },
    "flake-compat": {
      "flake": false,
      "locked": {
        "lastModified": 1673956053,
        "narHash": "sha256-4gtG9iQuiKITOjNQQeQIpoIB6b16fm+504Ch3sNKLd8=",
        "owner": "edolstra",
        "repo": "flake-compat",
        "rev": "35bb57c0c8d8b62bbfd284272c928ceb64ddbde9",
        "type": "github"
      },
      "original": {
        "owner": "edolstra",
        "repo": "flake-compat",
        "type": "github"
      }
    },
    "flake-utils": {
      "locked": {
        "lastModified": 1659877975,
        "narHash": "sha256-zllb8aq3YO3h8B/U0/J1WBgAL8EX5yWf5pMj3G0NAmc=",
        "owner": "numtide",
        "repo": "flake-utils",
        "rev": "c0e246b9b83f637f4681389ecabcb2681b4f3af0",
        "type": "github"
      },
      "original": {
        "owner": "numtide",
        "repo": "flake-utils",
        "type": "github"
      }
    },
    "home-manager": {
      "inputs": {
        "nixpkgs": [
          "nixpkgs"
        ]
      },
      "locked": {
        "lastModified": 1687871164,
        "narHash": "sha256-bBFlPthuYX322xOlpJvkjUBz0C+MOBjZdDOOJJ+G2jU=",
        "owner": "nix-community",
        "repo": "home-manager",
        "rev": "07c347bb50994691d7b0095f45ebd8838cf6bc38",
        "type": "github"
      },
      "original": {
        "owner": "nix-community",
        "ref": "release-23.05",
        "repo": "home-manager",
        "type": "github"
      }
    },
    "nixpkgs": {
      "locked": {
        "lastModified": 1691155011,
        "narHash": "sha256-O15tC0ysw+fcacEbOzrDrkVNIR+SgtArSGvpgsEqpvA=",
        "owner": "nixos",
        "repo": "nixpkgs",
        "rev": "9652a97d9738d3e65cf33c0bc24429e495a7868f",
        "type": "github"
      },
      "original": {
        "owner": "nixos",
        "ref": "nixos-23.05",
        "repo": "nixpkgs",
        "type": "github"
      }
    },
    "nixpkgs_2": {
      "locked": {
        "lastModified": 1689088367,
        "narHash": "sha256-Y2tl2TlKCWEHrOeM9ivjCLlRAKH3qoPUE/emhZECU14=",
        "owner": "NixOS",
        "repo": "nixpkgs",
        "rev": "5c9ddb86679c400d6b7360797b8a22167c2053f8",
        "type": "github"
      },
      "original": {
        "owner": "NixOS",
        "ref": "release-23.05",
        "repo": "nixpkgs",
        "type": "github"
      }
    },
    "root": {
      "inputs": {
        "darwin": "darwin",
        "fenix": "fenix",
        "home-manager": "home-manager",
        "nixpkgs": "nixpkgs",
        "zig": "zig"
      }
    },
    "rust-analyzer-src": {
      "flake": false,
      "locked": {
        "lastModified": 1691179501,
        "narHash": "sha256-KXLtaKtFJvtcSoMhjr2WGTvNdQY2d4+1Hj3znTlY0uc=",
        "owner": "rust-lang",
        "repo": "rust-analyzer",
        "rev": "86b6b6f705eb0c29691c3b2f7f5ac71df0e8caae",
        "type": "github"
      },
      "original": {
        "owner": "rust-lang",
        "ref": "nightly",
        "repo": "rust-analyzer",
        "type": "github"
      }
    },
    "zig": {
      "inputs": {
        "flake-compat": "flake-compat",
        "flake-utils": "flake-utils",
        "nixpkgs": "nixpkgs_2"
      },
      "locked": {
        "lastModified": 1691281375,
        "narHash": "sha256-fwU0g4a8OEg8h8b8DfpxZvBZpbszqfxsA47P8Piw7ZY=",
        "owner": "mitchellh",
        "repo": "zig-overlay",
        "rev": "8ff8b80a6078f1e6f673029ea0d62c87b2eccd94",
        "type": "github"
      },
      "original": {
        "owner": "mitchellh",
        "repo": "zig-overlay",
        "type": "github"
      }
    }
  },
  "root": "root",
  "version": 7
}
