{
  "nodes": {
    "darwin": {
      "inputs": {
        "nixpkgs": [
          "nixpkgs"
        ]
      },
      "locked": {
        "lastModified": 1691012184,
        "narHash": "sha256-AYxPkarxZPs18qSKPjT4t8flmgeyu3DcoLGMkeiWtvk=",
        "owner": "LnL7",
        "repo": "nix-darwin",
        "rev": "d3529322dcaaddf0c50cb277c9c2a355f3a36a3b",
        "type": "github"
      },
      "original": {
        "owner": "LnL7",
        "repo": "nix-darwin",
        "type": "github"
      }
    },
    "fenix": {
      "inputs": {
        "nixpkgs": [
          "nixpkgs"
        ],
        "rust-analyzer-src": "rust-analyzer-src"
      },
      "locked": {
        "lastModified": 1691130041,
        "narHash": "sha256-Ikwndx1YOsoUAY7TEp4kH0UVnXBuhLeLkTl/Fpimi6g=",
        "owner": "nix-community",
        "repo": "fenix",
        "rev": "4322b4dc010b4ba7a2e4df49f8939e872473e4a7",
        "type": "github"
      },
      "original": {
        "owner": "nix-community",
        "repo": "fenix",
        "type": "github"
      }
    },
    "flake-compat": {
      "flake": false,
      "locked": {
        "lastModified": 1673956053,
        "narHash": "sha256-4gtG9iQuiKITOjNQQeQIpoIB6b16fm+504Ch3sNKLd8=",
        "owner": "edolstra",
        "repo": "flake-compat",
        "rev": "35bb57c0c8d8b62bbfd284272c928ceb64ddbde9",
        "type": "github"
      },
      "original": {
        "owner": "edolstra",
        "repo": "flake-compat",
        "type": "github"
      }
    },
    "flake-utils": {
      "locked": {
        "lastModified": 1659877975,
        "narHash": "sha256-zllb8aq3YO3h8B/U0/J1WBgAL8EX5yWf5pMj3G0NAmc=",
        "owner": "numtide",
        "repo": "flake-utils",
        "rev": "c0e246b9b83f637f4681389ecabcb2681b4f3af0",
        "type": "github"
      },
      "original": {
        "owner": "numtide",
        "repo": "flake-utils",
        "type": "github"
      }
    },
    "home-manager": {
      "inputs": {
        "nixpkgs": [
          "nixpkgs"
        ]
      },
      "locked": {
        "lastModified": 1687871164,
        "narHash": "sha256-bBFlPthuYX322xOlpJvkjUBz0C+MOBjZdDOOJJ+G2jU=",
        "owner": "nix-community",
        "repo": "home-manager",
        "rev": "07c347bb50994691d7b0095f45ebd8838cf6bc38",
        "type": "github"
      },
      "original": {
        "owner": "nix-community",
        "ref": "release-23.05",
        "repo": "home-manager",
        "type": "github"
      }
    },
    "nixpkgs": {
      "locked": {
        "lastModified": 1691065946,
        "narHash": "sha256-IVSh42Q3oJwUjgLKMdzH5fMx+fk1z3V735gK1Izj1Zw=",
        "owner": "nixos",
        "repo": "nixpkgs",
        "rev": "e9ca92b55bed47696cc7cc25d3f854a1e2e01f86",
        "type": "github"
      },
      "original": {
        "owner": "nixos",
        "ref": "nixos-23.05",
        "repo": "nixpkgs",
        "type": "github"
      }
    },
    "nixpkgs_2": {
      "locked": {
        "lastModified": 1689088367,
        "narHash": "sha256-Y2tl2TlKCWEHrOeM9ivjCLlRAKH3qoPUE/emhZECU14=",
        "owner": "NixOS",
        "repo": "nixpkgs",
        "rev": "5c9ddb86679c400d6b7360797b8a22167c2053f8",
        "type": "github"
      },
      "original": {
        "owner": "NixOS",
        "ref": "release-23.05",
        "repo": "nixpkgs",
        "type": "github"
      }
    },
    "root": {
      "inputs": {
        "darwin": "darwin",
        "fenix": "fenix",
        "home-manager": "home-manager",
        "nixpkgs": "nixpkgs",
        "zig": "zig"
      }
    },
    "rust-analyzer-src": {
      "flake": false,
      "locked": {
        "lastModified": 1690986521,
        "narHash": "sha256-vUxuijel7EtgffUk7j7Cdp8k0I8TAylW9j7Ln5CBOvE=",
        "owner": "rust-lang",
        "repo": "rust-analyzer",
        "rev": "d398ad3326780598bbf1480014f4c59fbf6461a7",
        "type": "github"
      },
      "original": {
        "owner": "rust-lang",
        "ref": "nightly",
        "repo": "rust-analyzer",
        "type": "github"
      }
    },
    "zig": {
      "inputs": {
        "flake-compat": "flake-compat",
        "flake-utils": "flake-utils",
        "nixpkgs": "nixpkgs_2"
      },
      "locked": {
        "lastModified": 1691150906,
        "narHash": "sha256-Lr2y1G//3NE3DOSheSB7NFqLV27GIuECayl7dDxOJJg=",
        "owner": "mitchellh",
        "repo": "zig-overlay",
        "rev": "9ebc7fb7a016d150233265f58d725c81bf1b3a14",
        "type": "github"
      },
      "original": {
        "owner": "mitchellh",
        "repo": "zig-overlay",
        "type": "github"
      }
    }
  },
  "root": "root",
  "version": 7
}
